// !$*UTF8*$!
{
	archiveVersion = 1;
	classes = {
	};
	objectVersion = 56;
	objects = {

/* Begin PBXBuildFile section */
		838885142C407F3B00C19C50 /* RealityKitContent in Frameworks */ = {isa = PBXBuildFile; productRef = 838885132C407F3B00C19C50 /* RealityKitContent */; };
		838885162C407F3B00C19C50 /* SeaCreaturesApp.swift in Sources */ = {isa = PBXBuildFile; fileRef = 838885152C407F3B00C19C50 /* SeaCreaturesApp.swift */; };
		838885182C407F3B00C19C50 /* ContentView.swift in Sources */ = {isa = PBXBuildFile; fileRef = 838885172C407F3B00C19C50 /* ContentView.swift */; };
		8388851A2C407F3C00C19C50 /* Assets.xcassets in Resources */ = {isa = PBXBuildFile; fileRef = 838885192C407F3C00C19C50 /* Assets.xcassets */; };
		8388851D2C407F3C00C19C50 /* Preview Assets.xcassets in Resources */ = {isa = PBXBuildFile; fileRef = 8388851C2C407F3C00C19C50 /* Preview Assets.xcassets */; };
		838885282C407F3C00C19C50 /* SeaCreaturesTests.swift in Sources */ = {isa = PBXBuildFile; fileRef = 838885272C407F3C00C19C50 /* SeaCreaturesTests.swift */; };
/* End PBXBuildFile section */

/* Begin PBXContainerItemProxy section */
		838885242C407F3C00C19C50 /* PBXContainerItemProxy */ = {
			isa = PBXContainerItemProxy;
			containerPortal = 838885062C407F3B00C19C50 /* Project object */;
			proxyType = 1;
			remoteGlobalIDString = 8388850D2C407F3B00C19C50;
			remoteInfo = SeaCreatures;
		};
/* End PBXContainerItemProxy section */

/* Begin PBXFileReference section */
		8388850E2C407F3B00C19C50 /* SeaCreatures.app */ = {isa = PBXFileReference; explicitFileType = wrapper.application; includeInIndex = 0; path = SeaCreatures.app; sourceTree = BUILT_PRODUCTS_DIR; };
		838885122C407F3B00C19C50 /* RealityKitContent */ = {isa = PBXFileReference; lastKnownFileType = wrapper; path = RealityKitContent; sourceTree = "<group>"; };
		838885152C407F3B00C19C50 /* SeaCreaturesApp.swift */ = {isa = PBXFileReference; lastKnownFileType = sourcecode.swift; path = SeaCreaturesApp.swift; sourceTree = "<group>"; };
		838885172C407F3B00C19C50 /* ContentView.swift */ = {isa = PBXFileReference; lastKnownFileType = sourcecode.swift; path = ContentView.swift; sourceTree = "<group>"; };
		838885192C407F3C00C19C50 /* Assets.xcassets */ = {isa = PBXFileReference; lastKnownFileType = folder.assetcatalog; path = Assets.xcassets; sourceTree = "<group>"; };
		8388851C2C407F3C00C19C50 /* Preview Assets.xcassets */ = {isa = PBXFileReference; lastKnownFileType = folder.assetcatalog; path = "Preview Assets.xcassets"; sourceTree = "<group>"; };
		8388851E2C407F3C00C19C50 /* Info.plist */ = {isa = PBXFileReference; lastKnownFileType = text.plist.xml; path = Info.plist; sourceTree = "<group>"; };
		838885232C407F3C00C19C50 /* SeaCreaturesTests.xctest */ = {isa = PBXFileReference; explicitFileType = wrapper.cfbundle; includeInIndex = 0; path = SeaCreaturesTests.xctest; sourceTree = BUILT_PRODUCTS_DIR; };
		838885272C407F3C00C19C50 /* SeaCreaturesTests.swift */ = {isa = PBXFileReference; lastKnownFileType = sourcecode.swift; path = SeaCreaturesTests.swift; sourceTree = "<group>"; };
/* End PBXFileReference section */

/* Begin PBXFrameworksBuildPhase section */
		8388850B2C407F3B00C19C50 /* Frameworks */ = {
			isa = PBXFrameworksBuildPhase;
			buildActionMask = 2147483647;
			files = (
				838885142C407F3B00C19C50 /* RealityKitContent in Frameworks */,
			);
			runOnlyForDeploymentPostprocessing = 0;
		};
		838885202C407F3C00C19C50 /* Frameworks */ = {
			isa = PBXFrameworksBuildPhase;
			buildActionMask = 2147483647;
			files = (
			);
			runOnlyForDeploymentPostprocessing = 0;
		};
/* End PBXFrameworksBuildPhase section */

/* Begin PBXGroup section */
		838885052C407F3B00C19C50 = {
			isa = PBXGroup;
			children = (
				838885102C407F3B00C19C50 /* SeaCreatures */,
				838885112C407F3B00C19C50 /* Packages */,
				838885262C407F3C00C19C50 /* SeaCreaturesTests */,
				8388850F2C407F3B00C19C50 /* Products */,
			);
			sourceTree = "<group>";
		};
		8388850F2C407F3B00C19C50 /* Products */ = {
			isa = PBXGroup;
			children = (
				8388850E2C407F3B00C19C50 /* SeaCreatures.app */,
				838885232C407F3C00C19C50 /* SeaCreaturesTests.xctest */,
			);
			name = Products;
			sourceTree = "<group>";
		};
		838885102C407F3B00C19C50 /* SeaCreatures */ = {
			isa = PBXGroup;
			children = (
				838885152C407F3B00C19C50 /* SeaCreaturesApp.swift */,
				838885172C407F3B00C19C50 /* ContentView.swift */,
				838885192C407F3C00C19C50 /* Assets.xcassets */,
				8388851E2C407F3C00C19C50 /* Info.plist */,
				8388851B2C407F3C00C19C50 /* Preview Content */,
			);
			path = SeaCreatures;
			sourceTree = "<group>";
		};
		838885112C407F3B00C19C50 /* Packages */ = {
			isa = PBXGroup;
			children = (
				838885122C407F3B00C19C50 /* RealityKitContent */,
			);
			path = Packages;
			sourceTree = "<group>";
		};
		8388851B2C407F3C00C19C50 /* Preview Content */ = {
			isa = PBXGroup;
			children = (
				8388851C2C407F3C00C19C50 /* Preview Assets.xcassets */,
			);
			path = "Preview Content";
			sourceTree = "<group>";
		};
		838885262C407F3C00C19C50 /* SeaCreaturesTests */ = {
			isa = PBXGroup;
			children = (
				838885272C407F3C00C19C50 /* SeaCreaturesTests.swift */,
			);
			path = SeaCreaturesTests;
			sourceTree = "<group>";
		};
/* End PBXGroup section */

/* Begin PBXNativeTarget section */
		8388850D2C407F3B00C19C50 /* SeaCreatures */ = {
			isa = PBXNativeTarget;
			buildConfigurationList = 8388852B2C407F3C00C19C50 /* Build configuration list for PBXNativeTarget "SeaCreatures" */;
			buildPhases = (
				8388850A2C407F3B00C19C50 /* Sources */,
				8388850B2C407F3B00C19C50 /* Frameworks */,
				8388850C2C407F3B00C19C50 /* Resources */,
			);
			buildRules = (
			);
			dependencies = (
			);
			name = SeaCreatures;
			packageProductDependencies = (
				838885132C407F3B00C19C50 /* RealityKitContent */,
			);
			productName = SeaCreatures;
			productReference = 8388850E2C407F3B00C19C50 /* SeaCreatures.app */;
			productType = "com.apple.product-type.application";
		};
		838885222C407F3C00C19C50 /* SeaCreaturesTests */ = {
			isa = PBXNativeTarget;
			buildConfigurationList = 8388852E2C407F3C00C19C50 /* Build configuration list for PBXNativeTarget "SeaCreaturesTests" */;
			buildPhases = (
				8388851F2C407F3C00C19C50 /* Sources */,
				838885202C407F3C00C19C50 /* Frameworks */,
				838885212C407F3C00C19C50 /* Resources */,
			);
			buildRules = (
			);
			dependencies = (
				838885252C407F3C00C19C50 /* PBXTargetDependency */,
			);
			name = SeaCreaturesTests;
			productName = SeaCreaturesTests;
			productReference = 838885232C407F3C00C19C50 /* SeaCreaturesTests.xctest */;
			productType = "com.apple.product-type.bundle.unit-test";
		};
/* End PBXNativeTarget section */

/* Begin PBXProject section */
		838885062C407F3B00C19C50 /* Project object */ = {
			isa = PBXProject;
			attributes = {
				BuildIndependentTargetsInParallel = 1;
				LastSwiftUpdateCheck = 1540;
				LastUpgradeCheck = 1540;
				TargetAttributes = {
					8388850D2C407F3B00C19C50 = {
						CreatedOnToolsVersion = 15.4;
					};
					838885222C407F3C00C19C50 = {
						CreatedOnToolsVersion = 15.4;
						TestTargetID = 8388850D2C407F3B00C19C50;
					};
				};
			};
			buildConfigurationList = 838885092C407F3B00C19C50 /* Build configuration list for PBXProject "SeaCreatures" */;
			compatibilityVersion = "Xcode 14.0";
			developmentRegion = en;
			hasScannedForEncodings = 0;
			knownRegions = (
				en,
				Base,
			);
			mainGroup = 838885052C407F3B00C19C50;
			productRefGroup = 8388850F2C407F3B00C19C50 /* Products */;
			projectDirPath = "";
			projectRoot = "";
			targets = (
				8388850D2C407F3B00C19C50 /* SeaCreatures */,
				838885222C407F3C00C19C50 /* SeaCreaturesTests */,
			);
		};
/* End PBXProject section */

/* Begin PBXResourcesBuildPhase section */
		8388850C2C407F3B00C19C50 /* Resources */ = {
			isa = PBXResourcesBuildPhase;
			buildActionMask = 2147483647;
			files = (
				8388851D2C407F3C00C19C50 /* Preview Assets.xcassets in Resources */,
				8388851A2C407F3C00C19C50 /* Assets.xcassets in Resources */,
			);
			runOnlyForDeploymentPostprocessing = 0;
		};
		838885212C407F3C00C19C50 /* Resources */ = {
			isa = PBXResourcesBuildPhase;
			buildActionMask = 2147483647;
			files = (
			);
			runOnlyForDeploymentPostprocessing = 0;
		};
/* End PBXResourcesBuildPhase section */

/* Begin PBXSourcesBuildPhase section */
		8388850A2C407F3B00C19C50 /* Sources */ = {
			isa = PBXSourcesBuildPhase;
			buildActionMask = 2147483647;
			files = (
				838885182C407F3B00C19C50 /* ContentView.swift in Sources */,
				838885162C407F3B00C19C50 /* SeaCreaturesApp.swift in Sources */,
			);
			runOnlyForDeploymentPostprocessing = 0;
		};
		8388851F2C407F3C00C19C50 /* Sources */ = {
			isa = PBXSourcesBuildPhase;
			buildActionMask = 2147483647;
			files = (
				838885282C407F3C00C19C50 /* SeaCreaturesTests.swift in Sources */,
			);
			runOnlyForDeploymentPostprocessing = 0;
		};
/* End PBXSourcesBuildPhase section */

/* Begin PBXTargetDependency section */
		838885252C407F3C00C19C50 /* PBXTargetDependency */ = {
			isa = PBXTargetDependency;
			target = 8388850D2C407F3B00C19C50 /* SeaCreatures */;
			targetProxy = 838885242C407F3C00C19C50 /* PBXContainerItemProxy */;
		};
/* End PBXTargetDependency section */

/* Begin XCBuildConfiguration section */
		838885292C407F3C00C19C50 /* Debug */ = {
			isa = XCBuildConfiguration;
			buildSettings = {
				ALWAYS_SEARCH_USER_PATHS = NO;
				ASSETCATALOG_COMPILER_GENERATE_SWIFT_ASSET_SYMBOL_EXTENSIONS = YES;
				CLANG_ANALYZER_NONNULL = YES;
				CLANG_ANALYZER_NUMBER_OBJECT_CONVERSION = YES_AGGRESSIVE;
				CLANG_CXX_LANGUAGE_STANDARD = "gnu++20";
				CLANG_ENABLE_MODULES = YES;
				CLANG_ENABLE_OBJC_ARC = YES;
				CLANG_ENABLE_OBJC_WEAK = YES;
				CLANG_WARN_BLOCK_CAPTURE_AUTORELEASING = YES;
				CLANG_WARN_BOOL_CONVERSION = YES;
				CLANG_WARN_COMMA = YES;
				CLANG_WARN_CONSTANT_CONVERSION = YES;
				CLANG_WARN_DEPRECATED_OBJC_IMPLEMENTATIONS = YES;
				CLANG_WARN_DIRECT_OBJC_ISA_USAGE = YES_ERROR;
				CLANG_WARN_DOCUMENTATION_COMMENTS = YES;
				CLANG_WARN_EMPTY_BODY = YES;
				CLANG_WARN_ENUM_CONVERSION = YES;
				CLANG_WARN_INFINITE_RECURSION = YES;
				CLANG_WARN_INT_CONVERSION = YES;
				CLANG_WARN_NON_LITERAL_NULL_CONVERSION = YES;
				CLANG_WARN_OBJC_IMPLICIT_RETAIN_SELF = YES;
				CLANG_WARN_OBJC_LITERAL_CONVERSION = YES;
				CLANG_WARN_OBJC_ROOT_CLASS = YES_ERROR;
				CLANG_WARN_QUOTED_INCLUDE_IN_FRAMEWORK_HEADER = YES;
				CLANG_WARN_RANGE_LOOP_ANALYSIS = YES;
				CLANG_WARN_STRICT_PROTOTYPES = YES;
				CLANG_WARN_SUSPICIOUS_MOVE = YES;
				CLANG_WARN_UNGUARDED_AVAILABILITY = YES_AGGRESSIVE;
				CLANG_WARN_UNREACHABLE_CODE = YES;
				CLANG_WARN__DUPLICATE_METHOD_MATCH = YES;
				COPY_PHASE_STRIP = NO;
				DEBUG_INFORMATION_FORMAT = dwarf;
				ENABLE_STRICT_OBJC_MSGSEND = YES;
				ENABLE_TESTABILITY = YES;
				ENABLE_USER_SCRIPT_SANDBOXING = YES;
				GCC_C_LANGUAGE_STANDARD = gnu17;
				GCC_DYNAMIC_NO_PIC = NO;
				GCC_NO_COMMON_BLOCKS = YES;
				GCC_OPTIMIZATION_LEVEL = 0;
				GCC_PREPROCESSOR_DEFINITIONS = (
					"DEBUG=1",
					"$(inherited)",
				);
				GCC_WARN_64_TO_32_BIT_CONVERSION = YES;
				GCC_WARN_ABOUT_RETURN_TYPE = YES_ERROR;
				GCC_WARN_UNDECLARED_SELECTOR = YES;
				GCC_WARN_UNINITIALIZED_AUTOS = YES_AGGRESSIVE;
				GCC_WARN_UNUSED_FUNCTION = YES;
				GCC_WARN_UNUSED_VARIABLE = YES;
				LOCALIZATION_PREFERS_STRING_CATALOGS = YES;
				MTL_ENABLE_DEBUG_INFO = INCLUDE_SOURCE;
				MTL_FAST_MATH = YES;
				ONLY_ACTIVE_ARCH = YES;
				SDKROOT = xros;
				SWIFT_ACTIVE_COMPILATION_CONDITIONS = "DEBUG $(inherited)";
				SWIFT_OPTIMIZATION_LEVEL = "-Onone";
				XROS_DEPLOYMENT_TARGET = 1.2;
			};
			name = Debug;
		};
		8388852A2C407F3C00C19C50 /* Release */ = {
			isa = XCBuildConfiguration;
			buildSettings = {
				ALWAYS_SEARCH_USER_PATHS = NO;
				ASSETCATALOG_COMPILER_GENERATE_SWIFT_ASSET_SYMBOL_EXTENSIONS = YES;
				CLANG_ANALYZER_NONNULL = YES;
				CLANG_ANALYZER_NUMBER_OBJECT_CONVERSION = YES_AGGRESSIVE;
				CLANG_CXX_LANGUAGE_STANDARD = "gnu++20";
				CLANG_ENABLE_MODULES = YES;
				CLANG_ENABLE_OBJC_ARC = YES;
				CLANG_ENABLE_OBJC_WEAK = YES;
				CLANG_WARN_BLOCK_CAPTURE_AUTORELEASING = YES;
				CLANG_WARN_BOOL_CONVERSION = YES;
				CLANG_WARN_COMMA = YES;
				CLANG_WARN_CONSTANT_CONVERSION = YES;
				CLANG_WARN_DEPRECATED_OBJC_IMPLEMENTATIONS = YES;
				CLANG_WARN_DIRECT_OBJC_ISA_USAGE = YES_ERROR;
				CLANG_WARN_DOCUMENTATION_COMMENTS = YES;
				CLANG_WARN_EMPTY_BODY = YES;
				CLANG_WARN_ENUM_CONVERSION = YES;
				CLANG_WARN_INFINITE_RECURSION = YES;
				CLANG_WARN_INT_CONVERSION = YES;
				CLANG_WARN_NON_LITERAL_NULL_CONVERSION = YES;
				CLANG_WARN_OBJC_IMPLICIT_RETAIN_SELF = YES;
				CLANG_WARN_OBJC_LITERAL_CONVERSION = YES;
				CLANG_WARN_OBJC_ROOT_CLASS = YES_ERROR;
				CLANG_WARN_QUOTED_INCLUDE_IN_FRAMEWORK_HEADER = YES;
				CLANG_WARN_RANGE_LOOP_ANALYSIS = YES;
				CLANG_WARN_STRICT_PROTOTYPES = YES;
				CLANG_WARN_SUSPICIOUS_MOVE = YES;
				CLANG_WARN_UNGUARDED_AVAILABILITY = YES_AGGRESSIVE;
				CLANG_WARN_UNREACHABLE_CODE = YES;
				CLANG_WARN__DUPLICATE_METHOD_MATCH = YES;
				COPY_PHASE_STRIP = NO;
				DEBUG_INFORMATION_FORMAT = "dwarf-with-dsym";
				ENABLE_NS_ASSERTIONS = NO;
				ENABLE_STRICT_OBJC_MSGSEND = YES;
				ENABLE_USER_SCRIPT_SANDBOXING = YES;
				GCC_C_LANGUAGE_STANDARD = gnu17;
				GCC_NO_COMMON_BLOCKS = YES;
				GCC_WARN_64_TO_32_BIT_CONVERSION = YES;
				GCC_WARN_ABOUT_RETURN_TYPE = YES_ERROR;
				GCC_WARN_UNDECLARED_SELECTOR = YES;
				GCC_WARN_UNINITIALIZED_AUTOS = YES_AGGRESSIVE;
				GCC_WARN_UNUSED_FUNCTION = YES;
				GCC_WARN_UNUSED_VARIABLE = YES;
				LOCALIZATION_PREFERS_STRING_CATALOGS = YES;
				MTL_ENABLE_DEBUG_INFO = NO;
				MTL_FAST_MATH = YES;
				SDKROOT = xros;
				SWIFT_COMPILATION_MODE = wholemodule;
				VALIDATE_PRODUCT = YES;
				XROS_DEPLOYMENT_TARGET = 1.2;
			};
			name = Release;
		};
		8388852C2C407F3C00C19C50 /* Debug */ = {
			isa = XCBuildConfiguration;
			buildSettings = {
				ASSETCATALOG_COMPILER_APPICON_NAME = AppIcon;
				ASSETCATALOG_COMPILER_GLOBAL_ACCENT_COLOR_NAME = AccentColor;
				CODE_SIGN_STYLE = Automatic;
				CURRENT_PROJECT_VERSION = 1;
				DEVELOPMENT_ASSET_PATHS = "\"SeaCreatures/Preview Content\"";
				DEVELOPMENT_TEAM = F3CD9UZ9BR;
				ENABLE_PREVIEWS = YES;
				GENERATE_INFOPLIST_FILE = YES;
				INFOPLIST_FILE = "$(TARGET_NAME)/Info.plist";
				LD_RUNPATH_SEARCH_PATHS = (
					"$(inherited)",
					"@executable_path/Frameworks",
				);
				MARKETING_VERSION = 1.0;
				PRODUCT_BUNDLE_IDENTIFIER = me.Chiles.Inge.SeaCreatures;
				PRODUCT_NAME = "$(TARGET_NAME)";
				SUPPORTED_PLATFORMS = "xros xrsimulator";
				SWIFT_EMIT_LOC_STRINGS = YES;
				SWIFT_VERSION = 5.0;
				TARGETED_DEVICE_FAMILY = "1,2,7";
			};
			name = Debug;
		};
		8388852D2C407F3C00C19C50 /* Release */ = {
			isa = XCBuildConfiguration;
			buildSettings = {
				ASSETCATALOG_COMPILER_APPICON_NAME = AppIcon;
				ASSETCATALOG_COMPILER_GLOBAL_ACCENT_COLOR_NAME = AccentColor;
				CODE_SIGN_STYLE = Automatic;
				CURRENT_PROJECT_VERSION = 1;
				DEVELOPMENT_ASSET_PATHS = "\"SeaCreatures/Preview Content\"";
				DEVELOPMENT_TEAM = F3CD9UZ9BR;
				ENABLE_PREVIEWS = YES;
				GENERATE_INFOPLIST_FILE = YES;
				INFOPLIST_FILE = "$(TARGET_NAME)/Info.plist";
				LD_RUNPATH_SEARCH_PATHS = (
					"$(inherited)",
					"@executable_path/Frameworks",
				);
				MARKETING_VERSION = 1.0;
				PRODUCT_BUNDLE_IDENTIFIER = me.Chiles.Inge.SeaCreatures;
				PRODUCT_NAME = "$(TARGET_NAME)";
				SUPPORTED_PLATFORMS = "xros xrsimulator";
				SWIFT_EMIT_LOC_STRINGS = YES;
				SWIFT_VERSION = 5.0;
				TARGETED_DEVICE_FAMILY = "1,2,7";
			};
			name = Release;
		};
		8388852F2C407F3C00C19C50 /* Debug */ = {
			isa = XCBuildConfiguration;
			buildSettings = {
				ALWAYS_EMBED_SWIFT_STANDARD_LIBRARIES = YES;
				BUNDLE_LOADER = "$(TEST_HOST)";
				CODE_SIGN_STYLE = Automatic;
				CURRENT_PROJECT_VERSION = 1;
				DEVELOPMENT_TEAM = F3CD9UZ9BR;
				GENERATE_INFOPLIST_FILE = YES;
				MARKETING_VERSION = 1.0;
				PRODUCT_BUNDLE_IDENTIFIER = me.Chiles.Inge.SeaCreaturesTests;
				PRODUCT_NAME = "$(TARGET_NAME)";
				SUPPORTED_PLATFORMS = "xros xrsimulator";
				SWIFT_EMIT_LOC_STRINGS = NO;
				SWIFT_VERSION = 5.0;
				TARGETED_DEVICE_FAMILY = "1,2,7";
				TEST_HOST = "$(BUILT_PRODUCTS_DIR)/SeaCreatures.app/$(BUNDLE_EXECUTABLE_FOLDER_PATH)/SeaCreatures";
				XROS_DEPLOYMENT_TARGET = 1.2;
			};
			name = Debug;
		};
		838885302C407F3C00C19C50 /* Release */ = {
			isa = XCBuildConfiguration;
			buildSettings = {
				ALWAYS_EMBED_SWIFT_STANDARD_LIBRARIES = YES;
				BUNDLE_LOADER = "$(TEST_HOST)";
				CODE_SIGN_STYLE = Automatic;
				CURRENT_PROJECT_VERSION = 1;
				DEVELOPMENT_TEAM = F3CD9UZ9BR;
				GENERATE_INFOPLIST_FILE = YES;
				MARKETING_VERSION = 1.0;
				PRODUCT_BUNDLE_IDENTIFIER = me.Chiles.Inge.SeaCreaturesTests;
				PRODUCT_NAME = "$(TARGET_NAME)";
				SUPPORTED_PLATFORMS = "xros xrsimulator";
				SWIFT_EMIT_LOC_STRINGS = NO;
				SWIFT_VERSION = 5.0;
				TARGETED_DEVICE_FAMILY = "1,2,7";
				TEST_HOST = "$(BUILT_PRODUCTS_DIR)/SeaCreatures.app/$(BUNDLE_EXECUTABLE_FOLDER_PATH)/SeaCreatures";
				XROS_DEPLOYMENT_TARGET = 1.2;
			};
			name = Release;
		};
/* End XCBuildConfiguration section */

/* Begin XCConfigurationList section */
		838885092C407F3B00C19C50 /* Build configuration list for PBXProject "SeaCreatures" */ = {
			isa = XCConfigurationList;
			buildConfigurations = (
				838885292C407F3C00C19C50 /* Debug */,
				8388852A2C407F3C00C19C50 /* Release */,
			);
			defaultConfigurationIsVisible = 0;
			defaultConfigurationName = Release;
		};
		8388852B2C407F3C00C19C50 /* Build configuration list for PBXNativeTarget "SeaCreatures" */ = {
			isa = XCConfigurationList;
			buildConfigurations = (
				8388852C2C407F3C00C19C50 /* Debug */,
				8388852D2C407F3C00C19C50 /* Release */,
			);
			defaultConfigurationIsVisible = 0;
			defaultConfigurationName = Release;
		};
		8388852E2C407F3C00C19C50 /* Build configuration list for PBXNativeTarget "SeaCreaturesTests" */ = {
			isa = XCConfigurationList;
			buildConfigurations = (
				8388852F2C407F3C00C19C50 /* Debug */,
				838885302C407F3C00C19C50 /* Release */,
			);
			defaultConfigurationIsVisible = 0;
			defaultConfigurationName = Release;
		};
/* End XCConfigurationList section */

/* Begin XCSwiftPackageProductDependency section */
		838885132C407F3B00C19C50 /* RealityKitContent */ = {
			isa = XCSwiftPackageProductDependency;
			productName = RealityKitContent;
		};
/* End XCSwiftPackageProductDependency section */
	};
	rootObject = 838885062C407F3B00C19C50 /* Project object */;
}
